# THIS IS AN AUTOGENERATED FILE. DO NOT EDIT THIS FILE DIRECTLY.
# yarn lockfile v1


"@popperjs/core@^2.11.2":
  "integrity" "sha512-Cr4OjIkipTtcXKjAsm8agyleBuDHvxzeBoa1v543lbv1YaIwQjESsVcmjiWiPEbC1FIeHOG/Op9kdCmAmiS3Kw=="
  "resolved" "https://registry.npmjs.org/@popperjs/core/-/core-2.11.7.tgz"
  "version" "2.11.7"

"preline@^1.7.0":
  "integrity" "sha512-Zqca6I0Pj5C/yVSCgu3xilwuyNgPUSx1ZgbV5inP9OJmvVqEsOshE7zvo78M927f0vheTFIuinvkfNvAhduq6g=="
  "resolved" "https://registry.npmjs.org/preline/-/preline-1.7.0.tgz"
  "version" "1.7.0"
  dependencies:
    "@popperjs/core" "^2.11.2"
